// !$*UTF8*$!
{
	archiveVersion = 1;
	classes = {
	};
	objectVersion = 46;
	objects = {

/* Begin PBXBuildFile section */
		9C0471EF1B2A38BA00A43D3C /* AppDelegate.swift in Sources */ = {isa = PBXBuildFile; fileRef = 9C0471EE1B2A38BA00A43D3C /* AppDelegate.swift */; };
		9C0471F41B2A38BA00A43D3C /* Main.storyboard in Resources */ = {isa = PBXBuildFile; fileRef = 9C0471F21B2A38BA00A43D3C /* Main.storyboard */; };
		9C0471F61B2A38BA00A43D3C /* Images.xcassets in Resources */ = {isa = PBXBuildFile; fileRef = 9C0471F51B2A38BA00A43D3C /* Images.xcassets */; };
		9C0471F91B2A38BA00A43D3C /* LaunchScreen.xib in Resources */ = {isa = PBXBuildFile; fileRef = 9C0471F71B2A38BA00A43D3C /* LaunchScreen.xib */; };
		9C0472211B2A3C2E00A43D3C /* MAViewController.swift in Sources */ = {isa = PBXBuildFile; fileRef = 9C0472201B2A3C2E00A43D3C /* MAViewController.swift */; };
		9C0472231B2A3D0900A43D3C /* AudioViewController.swift in Sources */ = {isa = PBXBuildFile; fileRef = 9C0472221B2A3D0900A43D3C /* AudioViewController.swift */; };
		9C0472341B2A442300A43D3C /* posts.plist in Resources */ = {isa = PBXBuildFile; fileRef = 9C0472331B2A442300A43D3C /* posts.plist */; };
		9C04723A1B2A44CD00A43D3C /* TransitionImageView.swift in Sources */ = {isa = PBXBuildFile; fileRef = 9C0472361B2A44CD00A43D3C /* TransitionImageView.swift */; };
		9C04723B1B2A44CD00A43D3C /* CoreImageAnimator.swift in Sources */ = {isa = PBXBuildFile; fileRef = 9C0472371B2A44CD00A43D3C /* CoreImageAnimator.swift */; };
		9C04723C1B2A44CD00A43D3C /* PostCell.swift in Sources */ = {isa = PBXBuildFile; fileRef = 9C0472381B2A44CD00A43D3C /* PostCell.swift */; };
		9C04723D1B2A44CD00A43D3C /* PostModel.swift in Sources */ = {isa = PBXBuildFile; fileRef = 9C0472391B2A44CD00A43D3C /* PostModel.swift */; };
		9C0472401B2A44E000A43D3C /* TimelineViewController.swift in Sources */ = {isa = PBXBuildFile; fileRef = 9C04723E1B2A44E000A43D3C /* TimelineViewController.swift */; };
		9C0472411B2A44E000A43D3C /* PhotoDetailViewController.swift in Sources */ = {isa = PBXBuildFile; fileRef = 9C04723F1B2A44E000A43D3C /* PhotoDetailViewController.swift */; };
		9C200AC61BBD2B5E00D8357B /* SpinnerViewController.swift in Sources */ = {isa = PBXBuildFile; fileRef = 9C200AC51BBD2B5E00D8357B /* SpinnerViewController.swift */; };
		9C200ACA1BBD2D1D00D8357B /* SongsViewController.swift in Sources */ = {isa = PBXBuildFile; fileRef = 9C200AC81BBD2D1D00D8357B /* SongsViewController.swift */; };
		9C2052DE1BBD77A800DAAF0C /* PUYATableViewController.swift in Sources */ = {isa = PBXBuildFile; fileRef = 9C2052DD1BBD77A800DAAF0C /* PUYATableViewController.swift */; };
		9C3C433E1BBC2E57000A60DD /* LoginViewController.swift in Sources */ = {isa = PBXBuildFile; fileRef = 9C3C433D1BBC2E57000A60DD /* LoginViewController.swift */; };
		9C3C43451BBC2E92000A60DD /* Util.swift in Sources */ = {isa = PBXBuildFile; fileRef = 9C3C43401BBC2E92000A60DD /* Util.swift */; };
		9C3C43461BBC2E92000A60DD /* AudioMonitor.swift in Sources */ = {isa = PBXBuildFile; fileRef = 9C3C43411BBC2E92000A60DD /* AudioMonitor.swift */; };
		9C3C43471BBC2E92000A60DD /* playlists.plist in Resources */ = {isa = PBXBuildFile; fileRef = 9C3C43421BBC2E92000A60DD /* playlists.plist */; };
		9C3C43481BBC2E92000A60DD /* PlaylistModel.swift in Sources */ = {isa = PBXBuildFile; fileRef = 9C3C43431BBC2E92000A60DD /* PlaylistModel.swift */; };
		9C3C43491BBC2E92000A60DD /* PlaylistCell.swift in Sources */ = {isa = PBXBuildFile; fileRef = 9C3C43441BBC2E92000A60DD /* PlaylistCell.swift */; };
		9C95D41D1BBADA9B0095DC27 /* EAAnimationDelayed.swift in Sources */ = {isa = PBXBuildFile; fileRef = 9C95D4141BBADA9B0095DC27 /* EAAnimationDelayed.swift */; };
		9C95D41E1BBADA9B0095DC27 /* EasyAnimation.swift in Sources */ = {isa = PBXBuildFile; fileRef = 9C95D4161BBADA9B0095DC27 /* EasyAnimation.swift */; };
		9C95D41F1BBADA9B0095DC27 /* Info.plist in Resources */ = {isa = PBXBuildFile; fileRef = 9C95D4171BBADA9B0095DC27 /* Info.plist */; };
		9C95D4201BBADA9B0095DC27 /* LICENSE in Resources */ = {isa = PBXBuildFile; fileRef = 9C95D4191BBADA9B0095DC27 /* LICENSE */; };
		9C95D4211BBADA9B0095DC27 /* RBBBlockBasedArray.swift in Sources */ = {isa = PBXBuildFile; fileRef = 9C95D41A1BBADA9B0095DC27 /* RBBBlockBasedArray.swift */; };
		9C95D4221BBADA9B0095DC27 /* RBBLinearInterpolation.swift in Sources */ = {isa = PBXBuildFile; fileRef = 9C95D41B1BBADA9B0095DC27 /* RBBLinearInterpolation.swift */; };
		9C95D4231BBADA9B0095DC27 /* RBBSpringAnimation.swift in Sources */ = {isa = PBXBuildFile; fileRef = 9C95D41C1BBADA9B0095DC27 /* RBBSpringAnimation.swift */; };
		9CA72C451BEF5D42004F7178 /* FireworksViewController.swift in Sources */ = {isa = PBXBuildFile; fileRef = 9CA72C441BEF5D42004F7178 /* FireworksViewController.swift */; };
/* End PBXBuildFile section */

/* Begin PBXFileReference section */
		9C0471E91B2A38BA00A43D3C /* PowerUpYourAnimations.app */ = {isa = PBXFileReference; explicitFileType = wrapper.application; includeInIndex = 0; path = PowerUpYourAnimations.app; sourceTree = BUILT_PRODUCTS_DIR; };
		9C0471ED1B2A38BA00A43D3C /* Info.plist */ = {isa = PBXFileReference; lastKnownFileType = text.plist.xml; path = Info.plist; sourceTree = "<group>"; };
		9C0471EE1B2A38BA00A43D3C /* AppDelegate.swift */ = {isa = PBXFileReference; lastKnownFileType = sourcecode.swift; path = AppDelegate.swift; sourceTree = "<group>"; };
		9C0471F31B2A38BA00A43D3C /* Base */ = {isa = PBXFileReference; lastKnownFileType = file.storyboard; name = Base; path = Base.lproj/Main.storyboard; sourceTree = "<group>"; };
		9C0471F51B2A38BA00A43D3C /* Images.xcassets */ = {isa = PBXFileReference; lastKnownFileType = folder.assetcatalog; path = Images.xcassets; sourceTree = "<group>"; };
		9C0471F81B2A38BA00A43D3C /* Base */ = {isa = PBXFileReference; lastKnownFileType = file.xib; name = Base; path = Base.lproj/LaunchScreen.xib; sourceTree = "<group>"; };
		9C0472201B2A3C2E00A43D3C /* MAViewController.swift */ = {isa = PBXFileReference; fileEncoding = 4; lastKnownFileType = sourcecode.swift; path = MAViewController.swift; sourceTree = "<group>"; };
		9C0472221B2A3D0900A43D3C /* AudioViewController.swift */ = {isa = PBXFileReference; fileEncoding = 4; lastKnownFileType = sourcecode.swift; path = AudioViewController.swift; sourceTree = "<group>"; };
		9C0472331B2A442300A43D3C /* posts.plist */ = {isa = PBXFileReference; fileEncoding = 4; lastKnownFileType = text.plist.xml; path = posts.plist; sourceTree = "<group>"; };
		9C0472361B2A44CD00A43D3C /* TransitionImageView.swift */ = {isa = PBXFileReference; fileEncoding = 4; lastKnownFileType = sourcecode.swift; path = TransitionImageView.swift; sourceTree = "<group>"; };
		9C0472371B2A44CD00A43D3C /* CoreImageAnimator.swift */ = {isa = PBXFileReference; fileEncoding = 4; lastKnownFileType = sourcecode.swift; path = CoreImageAnimator.swift; sourceTree = "<group>"; };
		9C0472381B2A44CD00A43D3C /* PostCell.swift */ = {isa = PBXFileReference; fileEncoding = 4; lastKnownFileType = sourcecode.swift; path = PostCell.swift; sourceTree = "<group>"; };
		9C0472391B2A44CD00A43D3C /* PostModel.swift */ = {isa = PBXFileReference; fileEncoding = 4; lastKnownFileType = sourcecode.swift; path = PostModel.swift; sourceTree = "<group>"; };
		9C04723E1B2A44E000A43D3C /* TimelineViewController.swift */ = {isa = PBXFileReference; fileEncoding = 4; lastKnownFileType = sourcecode.swift; path = TimelineViewController.swift; sourceTree = "<group>"; };
		9C04723F1B2A44E000A43D3C /* PhotoDetailViewController.swift */ = {isa = PBXFileReference; fileEncoding = 4; lastKnownFileType = sourcecode.swift; path = PhotoDetailViewController.swift; sourceTree = "<group>"; };
		9C200AC51BBD2B5E00D8357B /* SpinnerViewController.swift */ = {isa = PBXFileReference; fileEncoding = 4; lastKnownFileType = sourcecode.swift; path = SpinnerViewController.swift; sourceTree = "<group>"; };
		9C200AC81BBD2D1D00D8357B /* SongsViewController.swift */ = {isa = PBXFileReference; fileEncoding = 4; lastKnownFileType = sourcecode.swift; path = SongsViewController.swift; sourceTree = "<group>"; };
		9C2052DD1BBD77A800DAAF0C /* PUYATableViewController.swift */ = {isa = PBXFileReference; fileEncoding = 4; lastKnownFileType = sourcecode.swift; path = PUYATableViewController.swift; sourceTree = "<group>"; };
		9C3C433D1BBC2E57000A60DD /* LoginViewController.swift */ = {isa = PBXFileReference; fileEncoding = 4; lastKnownFileType = sourcecode.swift; path = LoginViewController.swift; sourceTree = "<group>"; };
		9C3C43401BBC2E92000A60DD /* Util.swift */ = {isa = PBXFileReference; fileEncoding = 4; lastKnownFileType = sourcecode.swift; path = Util.swift; sourceTree = "<group>"; };
		9C3C43411BBC2E92000A60DD /* AudioMonitor.swift */ = {isa = PBXFileReference; fileEncoding = 4; lastKnownFileType = sourcecode.swift; path = AudioMonitor.swift; sourceTree = "<group>"; };
		9C3C43421BBC2E92000A60DD /* playlists.plist */ = {isa = PBXFileReference; fileEncoding = 4; lastKnownFileType = text.plist.xml; path = playlists.plist; sourceTree = "<group>"; };
		9C3C43431BBC2E92000A60DD /* PlaylistModel.swift */ = {isa = PBXFileReference; fileEncoding = 4; lastKnownFileType = sourcecode.swift; path = PlaylistModel.swift; sourceTree = "<group>"; };
		9C3C43441BBC2E92000A60DD /* PlaylistCell.swift */ = {isa = PBXFileReference; fileEncoding = 4; lastKnownFileType = sourcecode.swift; path = PlaylistCell.swift; sourceTree = "<group>"; };
		9C95D4141BBADA9B0095DC27 /* EAAnimationDelayed.swift */ = {isa = PBXFileReference; fileEncoding = 4; lastKnownFileType = sourcecode.swift; path = EAAnimationDelayed.swift; sourceTree = "<group>"; };
		9C95D4151BBADA9B0095DC27 /* EasyAnimation.h */ = {isa = PBXFileReference; fileEncoding = 4; lastKnownFileType = sourcecode.c.h; path = EasyAnimation.h; sourceTree = "<group>"; };
		9C95D4161BBADA9B0095DC27 /* EasyAnimation.swift */ = {isa = PBXFileReference; fileEncoding = 4; lastKnownFileType = sourcecode.swift; path = EasyAnimation.swift; sourceTree = "<group>"; };
		9C95D4171BBADA9B0095DC27 /* Info.plist */ = {isa = PBXFileReference; fileEncoding = 4; lastKnownFileType = text.plist.xml; path = Info.plist; sourceTree = "<group>"; };
		9C95D4191BBADA9B0095DC27 /* LICENSE */ = {isa = PBXFileReference; fileEncoding = 4; lastKnownFileType = text; path = LICENSE; sourceTree = "<group>"; };
		9C95D41A1BBADA9B0095DC27 /* RBBBlockBasedArray.swift */ = {isa = PBXFileReference; fileEncoding = 4; lastKnownFileType = sourcecode.swift; path = RBBBlockBasedArray.swift; sourceTree = "<group>"; };
		9C95D41B1BBADA9B0095DC27 /* RBBLinearInterpolation.swift */ = {isa = PBXFileReference; fileEncoding = 4; lastKnownFileType = sourcecode.swift; path = RBBLinearInterpolation.swift; sourceTree = "<group>"; };
		9C95D41C1BBADA9B0095DC27 /* RBBSpringAnimation.swift */ = {isa = PBXFileReference; fileEncoding = 4; lastKnownFileType = sourcecode.swift; path = RBBSpringAnimation.swift; sourceTree = "<group>"; };
		9CA72C441BEF5D42004F7178 /* FireworksViewController.swift */ = {isa = PBXFileReference; fileEncoding = 4; lastKnownFileType = sourcecode.swift; path = FireworksViewController.swift; sourceTree = "<group>"; };
/* End PBXFileReference section */

/* Begin PBXFrameworksBuildPhase section */
		9C0471E61B2A38BA00A43D3C /* Frameworks */ = {
			isa = PBXFrameworksBuildPhase;
			buildActionMask = 2147483647;
			files = (
			);
			runOnlyForDeploymentPostprocessing = 0;
		};
/* End PBXFrameworksBuildPhase section */

/* Begin PBXGroup section */
		9C0471E01B2A38BA00A43D3C = {
			isa = PBXGroup;
			children = (
				9C95D4131BBADA9B0095DC27 /* EasyAnimation */,
				9C0471EB1B2A38BA00A43D3C /* PowerUpYourAnimations */,
				9C0471EA1B2A38BA00A43D3C /* Products */,
			);
			sourceTree = "<group>";
		};
		9C0471EA1B2A38BA00A43D3C /* Products */ = {
			isa = PBXGroup;
			children = (
				9C0471E91B2A38BA00A43D3C /* PowerUpYourAnimations.app */,
			);
			name = Products;
			sourceTree = "<group>";
		};
		9C0471EB1B2A38BA00A43D3C /* PowerUpYourAnimations */ = {
			isa = PBXGroup;
			children = (
				9C3C433F1BBC2E8C000A60DD /* etc */,
				9C0471F21B2A38BA00A43D3C /* Main.storyboard */,
				9C04720E1B2A390700A43D3C /* ViewController */,
				9C0471EC1B2A38BA00A43D3C /* Supporting Files */,
			);
			path = PowerUpYourAnimations;
			sourceTree = "<group>";
		};
		9C0471EC1B2A38BA00A43D3C /* Supporting Files */ = {
			isa = PBXGroup;
			children = (
				9C0471F51B2A38BA00A43D3C /* Images.xcassets */,
				9C0471F71B2A38BA00A43D3C /* LaunchScreen.xib */,
				9C0471EE1B2A38BA00A43D3C /* AppDelegate.swift */,
				9C0471ED1B2A38BA00A43D3C /* Info.plist */,
			);
			name = "Supporting Files";
			sourceTree = "<group>";
		};
		9C04720E1B2A390700A43D3C /* ViewController */ = {
			isa = PBXGroup;
			children = (
				9C3C433D1BBC2E57000A60DD /* LoginViewController.swift */,
				9C0472201B2A3C2E00A43D3C /* MAViewController.swift */,
				9C200AC51BBD2B5E00D8357B /* SpinnerViewController.swift */,
				9C0472221B2A3D0900A43D3C /* AudioViewController.swift */,
				9CA72C441BEF5D42004F7178 /* FireworksViewController.swift */,
				9C0472321B2A43D600A43D3C /* CoreImageTransitions */,
			);
			name = ViewController;
			sourceTree = "<group>";
		};
		9C0472321B2A43D600A43D3C /* CoreImageTransitions */ = {
			isa = PBXGroup;
			children = (
				9C0472351B2A442700A43D3C /* etc */,
				9C04723E1B2A44E000A43D3C /* TimelineViewController.swift */,
				9C04723F1B2A44E000A43D3C /* PhotoDetailViewController.swift */,
			);
			name = CoreImageTransitions;
			sourceTree = "<group>";
		};
		9C0472351B2A442700A43D3C /* etc */ = {
			isa = PBXGroup;
			children = (
				9C0472331B2A442300A43D3C /* posts.plist */,
				9C0472371B2A44CD00A43D3C /* CoreImageAnimator.swift */,
				9C0472361B2A44CD00A43D3C /* TransitionImageView.swift */,
				9C0472381B2A44CD00A43D3C /* PostCell.swift */,
				9C0472391B2A44CD00A43D3C /* PostModel.swift */,
			);
			name = etc;
			sourceTree = "<group>";
		};
		9C3C433F1BBC2E8C000A60DD /* etc */ = {
			isa = PBXGroup;
			children = (
				9C200AC81BBD2D1D00D8357B /* SongsViewController.swift */,
				9C3C43401BBC2E92000A60DD /* Util.swift */,
				9C3C43411BBC2E92000A60DD /* AudioMonitor.swift */,
				9C3C43421BBC2E92000A60DD /* playlists.plist */,
				9C3C43431BBC2E92000A60DD /* PlaylistModel.swift */,
				9C3C43441BBC2E92000A60DD /* PlaylistCell.swift */,
				9C2052DD1BBD77A800DAAF0C /* PUYATableViewController.swift */,
			);
			name = etc;
			sourceTree = "<group>";
		};
		9C95D4131BBADA9B0095DC27 /* EasyAnimation */ = {
			isa = PBXGroup;
			children = (
				9C95D4141BBADA9B0095DC27 /* EAAnimationDelayed.swift */,
				9C95D4151BBADA9B0095DC27 /* EasyAnimation.h */,
				9C95D4161BBADA9B0095DC27 /* EasyAnimation.swift */,
				9C95D4171BBADA9B0095DC27 /* Info.plist */,
				9C95D4181BBADA9B0095DC27 /* RBBSpringAnimation */,
			);
			path = EasyAnimation;
			sourceTree = "<group>";
		};
		9C95D4181BBADA9B0095DC27 /* RBBSpringAnimation */ = {
			isa = PBXGroup;
			children = (
				9C95D4191BBADA9B0095DC27 /* LICENSE */,
				9C95D41A1BBADA9B0095DC27 /* RBBBlockBasedArray.swift */,
				9C95D41B1BBADA9B0095DC27 /* RBBLinearInterpolation.swift */,
				9C95D41C1BBADA9B0095DC27 /* RBBSpringAnimation.swift */,
			);
			path = RBBSpringAnimation;
			sourceTree = "<group>";
		};
/* End PBXGroup section */

/* Begin PBXNativeTarget section */
		9C0471E81B2A38BA00A43D3C /* PowerUpYourAnimations */ = {
			isa = PBXNativeTarget;
			buildConfigurationList = 9C0472081B2A38BA00A43D3C /* Build configuration list for PBXNativeTarget "PowerUpYourAnimations" */;
			buildPhases = (
				9C0471E51B2A38BA00A43D3C /* Sources */,
				9C0471E61B2A38BA00A43D3C /* Frameworks */,
				9C0471E71B2A38BA00A43D3C /* Resources */,
			);
			buildRules = (
			);
			dependencies = (
			);
			name = PowerUpYourAnimations;
			productName = PowerUpYourAnimations;
			productReference = 9C0471E91B2A38BA00A43D3C /* PowerUpYourAnimations.app */;
			productType = "com.apple.product-type.application";
		};
/* End PBXNativeTarget section */

/* Begin PBXProject section */
		9C0471E11B2A38BA00A43D3C /* Project object */ = {
			isa = PBXProject;
			attributes = {
				LastSwiftUpdateCheck = 0700;
				LastUpgradeCheck = 0700;
				ORGANIZATIONNAME = "Underplot ltd.";
				TargetAttributes = {
					9C0471E81B2A38BA00A43D3C = {
						CreatedOnToolsVersion = 6.3.2;
					};
				};
			};
			buildConfigurationList = 9C0471E41B2A38BA00A43D3C /* Build configuration list for PBXProject "PowerUpYourAnimations" */;
			compatibilityVersion = "Xcode 3.2";
			developmentRegion = English;
			hasScannedForEncodings = 0;
			knownRegions = (
				en,
				Base,
			);
			mainGroup = 9C0471E01B2A38BA00A43D3C;
			productRefGroup = 9C0471EA1B2A38BA00A43D3C /* Products */;
			projectDirPath = "";
			projectRoot = "";
			targets = (
				9C0471E81B2A38BA00A43D3C /* PowerUpYourAnimations */,
			);
		};
/* End PBXProject section */

/* Begin PBXResourcesBuildPhase section */
		9C0471E71B2A38BA00A43D3C /* Resources */ = {
			isa = PBXResourcesBuildPhase;
			buildActionMask = 2147483647;
			files = (
				9C0471F41B2A38BA00A43D3C /* Main.storyboard in Resources */,
				9C0471F91B2A38BA00A43D3C /* LaunchScreen.xib in Resources */,
				9C95D41F1BBADA9B0095DC27 /* Info.plist in Resources */,
				9C95D4201BBADA9B0095DC27 /* LICENSE in Resources */,
				9C0472341B2A442300A43D3C /* posts.plist in Resources */,
				9C0471F61B2A38BA00A43D3C /* Images.xcassets in Resources */,
				9C3C43471BBC2E92000A60DD /* playlists.plist in Resources */,
			);
			runOnlyForDeploymentPostprocessing = 0;
		};
/* End PBXResourcesBuildPhase section */

/* Begin PBXSourcesBuildPhase section */
		9C0471E51B2A38BA00A43D3C /* Sources */ = {
			isa = PBXSourcesBuildPhase;
			buildActionMask = 2147483647;
			files = (
				9C3C433E1BBC2E57000A60DD /* LoginViewController.swift in Sources */,
				9C3C43481BBC2E92000A60DD /* PlaylistModel.swift in Sources */,
				9C95D41D1BBADA9B0095DC27 /* EAAnimationDelayed.swift in Sources */,
				9C95D4211BBADA9B0095DC27 /* RBBBlockBasedArray.swift in Sources */,
				9C04723B1B2A44CD00A43D3C /* CoreImageAnimator.swift in Sources */,
				9C0472411B2A44E000A43D3C /* PhotoDetailViewController.swift in Sources */,
				9C3C43491BBC2E92000A60DD /* PlaylistCell.swift in Sources */,
				9C04723C1B2A44CD00A43D3C /* PostCell.swift in Sources */,
				9C0472401B2A44E000A43D3C /* TimelineViewController.swift in Sources */,
				9C3C43451BBC2E92000A60DD /* Util.swift in Sources */,
				9C95D4221BBADA9B0095DC27 /* RBBLinearInterpolation.swift in Sources */,
				9C200AC61BBD2B5E00D8357B /* SpinnerViewController.swift in Sources */,
				9C0471EF1B2A38BA00A43D3C /* AppDelegate.swift in Sources */,
				9C04723D1B2A44CD00A43D3C /* PostModel.swift in Sources */,
				9C0472211B2A3C2E00A43D3C /* MAViewController.swift in Sources */,
				9C04723A1B2A44CD00A43D3C /* TransitionImageView.swift in Sources */,
				9C95D4231BBADA9B0095DC27 /* RBBSpringAnimation.swift in Sources */,
				9C0472231B2A3D0900A43D3C /* AudioViewController.swift in Sources */,
				9C95D41E1BBADA9B0095DC27 /* EasyAnimation.swift in Sources */,
				9C3C43461BBC2E92000A60DD /* AudioMonitor.swift in Sources */,
				9C200ACA1BBD2D1D00D8357B /* SongsViewController.swift in Sources */,
				9CA72C451BEF5D42004F7178 /* FireworksViewController.swift in Sources */,
				9C2052DE1BBD77A800DAAF0C /* PUYATableViewController.swift in Sources */,
			);
			runOnlyForDeploymentPostprocessing = 0;
		};
/* End PBXSourcesBuildPhase section */

/* Begin PBXVariantGroup section */
		9C0471F21B2A38BA00A43D3C /* Main.storyboard */ = {
			isa = PBXVariantGroup;
			children = (
				9C0471F31B2A38BA00A43D3C /* Base */,
			);
			name = Main.storyboard;
			sourceTree = "<group>";
		};
		9C0471F71B2A38BA00A43D3C /* LaunchScreen.xib */ = {
			isa = PBXVariantGroup;
			children = (
				9C0471F81B2A38BA00A43D3C /* Base */,
			);
			name = LaunchScreen.xib;
			sourceTree = "<group>";
		};
/* End PBXVariantGroup section */

/* Begin XCBuildConfiguration section */
		9C0472061B2A38BA00A43D3C /* Debug */ = {
			isa = XCBuildConfiguration;
			buildSettings = {
				ALWAYS_SEARCH_USER_PATHS = NO;
				CLANG_CXX_LANGUAGE_STANDARD = "gnu++0x";
				CLANG_CXX_LIBRARY = "libc++";
				CLANG_ENABLE_MODULES = YES;
				CLANG_ENABLE_OBJC_ARC = YES;
				CLANG_WARN_BOOL_CONVERSION = YES;
				CLANG_WARN_CONSTANT_CONVERSION = YES;
				CLANG_WARN_DIRECT_OBJC_ISA_USAGE = YES_ERROR;
				CLANG_WARN_EMPTY_BODY = YES;
				CLANG_WARN_ENUM_CONVERSION = YES;
				CLANG_WARN_INT_CONVERSION = YES;
				CLANG_WARN_OBJC_ROOT_CLASS = YES_ERROR;
				CLANG_WARN_UNREACHABLE_CODE = YES;
				CLANG_WARN__DUPLICATE_METHOD_MATCH = YES;
				"CODE_SIGN_IDENTITY[sdk=iphoneos*]" = "iPhone Developer";
				COPY_PHASE_STRIP = NO;
				DEBUG_INFORMATION_FORMAT = "dwarf-with-dsym";
				ENABLE_STRICT_OBJC_MSGSEND = YES;
				ENABLE_TESTABILITY = YES;
				GCC_C_LANGUAGE_STANDARD = gnu99;
				GCC_DYNAMIC_NO_PIC = NO;
				GCC_NO_COMMON_BLOCKS = YES;
				GCC_OPTIMIZATION_LEVEL = 0;
				GCC_PREPROCESSOR_DEFINITIONS = (
					"DEBUG=1",
					"$(inherited)",
				);
				GCC_SYMBOLS_PRIVATE_EXTERN = NO;
				GCC_WARN_64_TO_32_BIT_CONVERSION = YES;
				GCC_WARN_ABOUT_RETURN_TYPE = YES_ERROR;
				GCC_WARN_UNDECLARED_SELECTOR = YES;
				GCC_WARN_UNINITIALIZED_AUTOS = YES_AGGRESSIVE;
				GCC_WARN_UNUSED_FUNCTION = YES;
				GCC_WARN_UNUSED_VARIABLE = YES;
				MTL_ENABLE_DEBUG_INFO = YES;
				ONLY_ACTIVE_ARCH = YES;
				SDKROOT = iphoneos;
				SWIFT_OPTIMIZATION_LEVEL = "-Onone";
			};
			name = Debug;
		};
		9C0472071B2A38BA00A43D3C /* Release */ = {
			isa = XCBuildConfiguration;
			buildSettings = {
				ALWAYS_SEARCH_USER_PATHS = NO;
				CLANG_CXX_LANGUAGE_STANDARD = "gnu++0x";
				CLANG_CXX_LIBRARY = "libc++";
				CLANG_ENABLE_MODULES = YES;
				CLANG_ENABLE_OBJC_ARC = YES;
				CLANG_WARN_BOOL_CONVERSION = YES;
				CLANG_WARN_CONSTANT_CONVERSION = YES;
				CLANG_WARN_DIRECT_OBJC_ISA_USAGE = YES_ERROR;
				CLANG_WARN_EMPTY_BODY = YES;
				CLANG_WARN_ENUM_CONVERSION = YES;
				CLANG_WARN_INT_CONVERSION = YES;
				CLANG_WARN_OBJC_ROOT_CLASS = YES_ERROR;
				CLANG_WARN_UNREACHABLE_CODE = YES;
				CLANG_WARN__DUPLICATE_METHOD_MATCH = YES;
				"CODE_SIGN_IDENTITY[sdk=iphoneos*]" = "iPhone Developer";
				COPY_PHASE_STRIP = NO;
				DEBUG_INFORMATION_FORMAT = "dwarf-with-dsym";
				ENABLE_NS_ASSERTIONS = NO;
				ENABLE_STRICT_OBJC_MSGSEND = YES;
				GCC_C_LANGUAGE_STANDARD = gnu99;
				GCC_NO_COMMON_BLOCKS = YES;
				GCC_WARN_64_TO_32_BIT_CONVERSION = YES;
				GCC_WARN_ABOUT_RETURN_TYPE = YES_ERROR;
				GCC_WARN_UNDECLARED_SELECTOR = YES;
				GCC_WARN_UNINITIALIZED_AUTOS = YES_AGGRESSIVE;
				GCC_WARN_UNUSED_FUNCTION = YES;
				GCC_WARN_UNUSED_VARIABLE = YES;
				MTL_ENABLE_DEBUG_INFO = NO;
				SDKROOT = iphoneos;
				VALIDATE_PRODUCT = YES;
			};
			name = Release;
		};
		9C0472091B2A38BA00A43D3C /* Debug */ = {
			isa = XCBuildConfiguration;
			buildSettings = {
				ASSETCATALOG_COMPILER_APPICON_NAME = AppIcon;
				INFOPLIST_FILE = PowerUpYourAnimations/Info.plist;
				IPHONEOS_DEPLOYMENT_TARGET = 8.0;
				LD_RUNPATH_SEARCH_PATHS = "$(inherited) @executable_path/Frameworks";
				PRODUCT_BUNDLE_IDENTIFIER = "com.underplot.$(PRODUCT_NAME:rfc1034identifier)";
				PRODUCT_NAME = "$(TARGET_NAME)";
			};
			name = Debug;
		};
		9C04720A1B2A38BA00A43D3C /* Release */ = {
			isa = XCBuildConfiguration;
			buildSettings = {
				ASSETCATALOG_COMPILER_APPICON_NAME = AppIcon;
				INFOPLIST_FILE = PowerUpYourAnimations/Info.plist;
				IPHONEOS_DEPLOYMENT_TARGET = 8.0;
				LD_RUNPATH_SEARCH_PATHS = "$(inherited) @executable_path/Frameworks";
				PRODUCT_BUNDLE_IDENTIFIER = "com.underplot.$(PRODUCT_NAME:rfc1034identifier)";
				PRODUCT_NAME = "$(TARGET_NAME)";
			};
			name = Release;
		};
/* End XCBuildConfiguration section */

/* Begin XCConfigurationList section */
		9C0471E41B2A38BA00A43D3C /* Build configuration list for PBXProject "PowerUpYourAnimations" */ = {
			isa = XCConfigurationList;
			buildConfigurations = (
				9C0472061B2A38BA00A43D3C /* Debug */,
				9C0472071B2A38BA00A43D3C /* Release */,
			);
			defaultConfigurationIsVisible = 0;
			defaultConfigurationName = Release;
		};
		9C0472081B2A38BA00A43D3C /* Build configuration list for PBXNativeTarget "PowerUpYourAnimations" */ = {
			isa = XCConfigurationList;
			buildConfigurations = (
				9C0472091B2A38BA00A43D3C /* Debug */,
				9C04720A1B2A38BA00A43D3C /* Release */,
			);
			defaultConfigurationIsVisible = 0;
			defaultConfigurationName = Release;
		};
/* End XCConfigurationList section */
	};
	rootObject = 9C0471E11B2A38BA00A43D3C /* Project object */;
}
